
Microsoft Visual Studio Solution File, Format Version 12.00
# Visual Studio 15
VisualStudioVersion = 15.0.28010.2046
MinimumVisualStudioVersion = 10.0.40219.1
Project("{9A19103F-16F7-4668-BE54-9A1E7A4F7556}") = "HelloWorld", "HelloWorld\HelloWorld.csproj", "{C147A4D2-3BDB-451C-85DF-A467879D45F8}"
EndProject
Global
	GlobalSection(SolutionConfigurationPlatforms) = preSolution
		Debug|Any CPU = Debug|Any CPU
		Release|Any CPU = Release|Any CPU
	EndGlobalSection
	GlobalSection(ProjectConfigurationPlatforms) = postSolution
		{C147A4D2-3BDB-451C-85DF-A467879D45F8}.Debug|Any CPU.ActiveCfg = Debug|Any CPU
		{C147A4D2-3BDB-451C-85DF-A467879D45F8}.Debug|Any CPU.Build.0 = Debug|Any CPU
		{C147A4D2-3BDB-451C-85DF-A467879D45F8}.Release|Any CPU.ActiveCfg = Release|Any CPU
		{C147A4D2-3BDB-451C-85DF-A467879D45F8}.Release|Any CPU.Build.0 = Release|Any CPU
	EndGlobalSection
	GlobalSection(SolutionProperties) = preSolution
		HideSolutionNode = FALSE
	EndGlobalSection
	GlobalSection(ExtensibilityGlobals) = postSolution
		SolutionGuid = {F8230348-CDD8-408A-B6CA-8A811AD4F14D}
	EndGlobalSection
EndGlobal
